PODS:
  - DockProgress (3.2.0)
  - file_picker (0.0.1):
    - FlutterMacOS
  - flutter_local_notifications (0.0.1):
    - FlutterMacOS
  - FlutterMacOS (1.0.0)
  - macos_dock_progress (1.1.0):
    - DockProgress
    - FlutterMacOS
  - screen_retriever_macos (0.0.1):
    - FlutterMacOS
  - window_manager (0.5.0):
    - FlutterMacOS

DEPENDENCIES:
  - file_picker (from `Flutter/ephemeral/.symlinks/plugins/file_picker/macos`)
  - flutter_local_notifications (from `Flutter/ephemeral/.symlinks/plugins/flutter_local_notifications/macos`)
  - FlutterMacOS (from `Flutter/ephemeral`)
  - macos_dock_progress (from `Flutter/ephemeral/.symlinks/plugins/macos_dock_progress/macos`)
  - screen_retriever_macos (from `Flutter/ephemeral/.symlinks/plugins/screen_retriever_macos/macos`)
  - window_manager (from `Flutter/ephemeral/.symlinks/plugins/window_manager/macos`)

SPEC REPOS:
  trunk:
    - DockProgress

EXTERNAL SOURCES:
  file_picker:
    :path: Flutter/ephemeral/.symlinks/plugins/file_picker/macos
  flutter_local_notifications:
    :path: Flutter/ephemeral/.symlinks/plugins/flutter_local_notifications/macos
  FlutterMacOS:
    :path: Flutter/ephemeral
  macos_dock_progress:
    :path: Flutter/ephemeral/.symlinks/plugins/macos_dock_progress/macos
  screen_retriever_macos:
    :path: Flutter/ephemeral/.symlinks/plugins/screen_retriever_macos/macos
  window_manager:
    :path: Flutter/ephemeral/.symlinks/plugins/window_manager/macos

SPEC CHECKSUMS:
  DockProgress: 94765d097d5c54579bf93385b5be71bd6a74fdf6
  file_picker: 7584aae6fa07a041af2b36a2655122d42f578c1a
  flutter_local_notifications: 4bf37a31afde695b56091b4ae3e4d9c7a7e6cda0
  FlutterMacOS: d0db08ddef1a9af05a5ec4b724367152bb0500b1
  macos_dock_progress: f63c9d2aa05c959212fd5e879496aaf160209302
  screen_retriever_macos: 452e51764a9e1cdb74b3c541238795849f21557f
  window_manager: b729e31d38fb04905235df9ea896128991cad99e

PODFILE CHECKSUM: 3f30a7d930d50b8688faa9f13e45aae6e3a0eb2f

COCOAPODS: 1.16.2
